
Microsoft Visual Studio Solution File, Format Version 12.00
# Visual Studio Version 17
VisualStudioVersion = 17.4.33205.214
MinimumVisualStudioVersion = 10.0.40219.1
Project("{9A19103F-16F7-4668-BE54-9A1E7A4F7556}") = "CDC.DEX.FHIR.Function.SharedCode", "CDC.DEX.FHIR.Function.SharedCode\CDC.DEX.FHIR.Function.SharedCode.csproj", "{B8CAA094-BFE8-4C68-BC07-94B512DF446B}"
EndProject
Project("{9A19103F-16F7-4668-BE54-9A1E7A4F7556}") = "CDC.DEX.FHIR.Function.ProcessMessage", "CDC.DEX.FHIR.Function.ProcessMessage\CDC.DEX.FHIR.Function.ProcessMessage.csproj", "{9B90FBF0-487A-419D-9BB5-DD17D7DA282C}"
EndProject
Project("{9A19103F-16F7-4668-BE54-9A1E7A4F7556}") = "CDC.DEX.FHIR.Function.DataExport", "CDC.DEX.FHIR.Function.DataExport\CDC.DEX.FHIR.Function.DataExport.csproj", "{00D86A2D-2523-4E1D-B86D-7DAF8873F5AA}"
EndProject
Global
	GlobalSection(SolutionConfigurationPlatforms) = preSolution
		Debug|Any CPU = Debug|Any CPU
		Release|Any CPU = Release|Any CPU
	EndGlobalSection
	GlobalSection(ProjectConfigurationPlatforms) = postSolution
		{B8CAA094-BFE8-4C68-BC07-94B512DF446B}.Debug|Any CPU.ActiveCfg = Debug|Any CPU
		{B8CAA094-BFE8-4C68-BC07-94B512DF446B}.Debug|Any CPU.Build.0 = Debug|Any CPU
		{B8CAA094-BFE8-4C68-BC07-94B512DF446B}.Release|Any CPU.ActiveCfg = Release|Any CPU
		{B8CAA094-BFE8-4C68-BC07-94B512DF446B}.Release|Any CPU.Build.0 = Release|Any CPU
		{9B90FBF0-487A-419D-9BB5-DD17D7DA282C}.Debug|Any CPU.ActiveCfg = Debug|Any CPU
		{9B90FBF0-487A-419D-9BB5-DD17D7DA282C}.Debug|Any CPU.Build.0 = Debug|Any CPU
		{9B90FBF0-487A-419D-9BB5-DD17D7DA282C}.Release|Any CPU.ActiveCfg = Release|Any CPU
		{9B90FBF0-487A-419D-9BB5-DD17D7DA282C}.Release|Any CPU.Build.0 = Release|Any CPU
		{00D86A2D-2523-4E1D-B86D-7DAF8873F5AA}.Debug|Any CPU.ActiveCfg = Debug|Any CPU
		{00D86A2D-2523-4E1D-B86D-7DAF8873F5AA}.Debug|Any CPU.Build.0 = Debug|Any CPU
		{00D86A2D-2523-4E1D-B86D-7DAF8873F5AA}.Release|Any CPU.ActiveCfg = Release|Any CPU
		{00D86A2D-2523-4E1D-B86D-7DAF8873F5AA}.Release|Any CPU.Build.0 = Release|Any CPU
	EndGlobalSection
	GlobalSection(SolutionProperties) = preSolution
		HideSolutionNode = FALSE
	EndGlobalSection
	GlobalSection(ExtensibilityGlobals) = postSolution
		SolutionGuid = {D570A048-0C8E-4D53-B2F0-6B913E177176}
	EndGlobalSection
EndGlobal
