
Microsoft Visual Studio Solution File, Format Version 12.00
# Visual Studio Version 17
VisualStudioVersion = 17.5.002.0
MinimumVisualStudioVersion = 10.0.40219.1
Project("{9A19103F-16F7-4668-BE54-9A1E7A4F7556}") = "OneCDPFHIRFacade", "src\OneCDPFHIRFacade.csproj", "{B72A5A17-9713-46F7-8DE1-0CA39561751F}"
EndProject
Project("{9A19103F-16F7-4668-BE54-9A1E7A4F7556}") = "fhir-facade-tests", "tests\fhir-facade-tests\fhir-facade-tests.csproj", "{BB49E950-CD06-49DC-AA40-7B5F85EE9483}"
EndProject
Global
	GlobalSection(SolutionConfigurationPlatforms) = preSolution
		Debug|Any CPU = Debug|Any CPU
		Release|Any CPU = Release|Any CPU
	EndGlobalSection
	GlobalSection(ProjectConfigurationPlatforms) = postSolution
		{B72A5A17-9713-46F7-8DE1-0CA39561751F}.Debug|Any CPU.ActiveCfg = Debug|Any CPU
		{B72A5A17-9713-46F7-8DE1-0CA39561751F}.Debug|Any CPU.Build.0 = Debug|Any CPU
		{B72A5A17-9713-46F7-8DE1-0CA39561751F}.Release|Any CPU.ActiveCfg = Release|Any CPU
		{B72A5A17-9713-46F7-8DE1-0CA39561751F}.Release|Any CPU.Build.0 = Release|Any CPU
		{BB49E950-CD06-49DC-AA40-7B5F85EE9483}.Debug|Any CPU.ActiveCfg = Debug|Any CPU
		{BB49E950-CD06-49DC-AA40-7B5F85EE9483}.Debug|Any CPU.Build.0 = Debug|Any CPU
		{BB49E950-CD06-49DC-AA40-7B5F85EE9483}.Release|Any CPU.ActiveCfg = Release|Any CPU
		{BB49E950-CD06-49DC-AA40-7B5F85EE9483}.Release|Any CPU.Build.0 = Release|Any CPU
	EndGlobalSection
	GlobalSection(SolutionProperties) = preSolution
		HideSolutionNode = FALSE
	EndGlobalSection
	GlobalSection(ExtensibilityGlobals) = postSolution
		SolutionGuid = {B78B973D-5799-4686-AB14-2F27F6067A71}
	EndGlobalSection
EndGlobal
