
Microsoft Visual Studio Solution File, Format Version 12.00
# Visual Studio Version 17
VisualStudioVersion = 17.4.33205.214
MinimumVisualStudioVersion = 10.0.40219.1
Project("{9A19103F-16F7-4668-BE54-9A1E7A4F7556}") = "fhir-service-export-function", "fhir-service-export-function\fhir-service-export-function.csproj", "{C8C96036-68EC-47A8-AC0C-DBC20BF3DC39}"
EndProject
Project("{9A19103F-16F7-4668-BE54-9A1E7A4F7556}") = "sharedcode-fhir-service-function", "fhir-service-function-sharedcode\sharedcode-fhir-service-function.csproj", "{B8CAA094-BFE8-4C68-BC07-94B512DF446B}"
EndProject
Project("{9A19103F-16F7-4668-BE54-9A1E7A4F7556}") = "fhir-service-event-function", "fhir-service-event-function\fhir-service-event-function.csproj", "{B37F1D47-FCDB-4EAF-8E55-709732598516}"
EndProject
Project("{FAE04EC0-301F-11D3-BF4B-00C04F79EFBC}") = "fhir-service-processmessage-function", "fhir-service-processmessage-function\fhir-service-processmessage-function.csproj", "{9B90FBF0-487A-419D-9BB5-DD17D7DA282C}"
EndProject
Global
	GlobalSection(SolutionConfigurationPlatforms) = preSolution
		Debug|Any CPU = Debug|Any CPU
		Release|Any CPU = Release|Any CPU
	EndGlobalSection
	GlobalSection(ProjectConfigurationPlatforms) = postSolution
		{C8C96036-68EC-47A8-AC0C-DBC20BF3DC39}.Debug|Any CPU.ActiveCfg = Debug|Any CPU
		{C8C96036-68EC-47A8-AC0C-DBC20BF3DC39}.Debug|Any CPU.Build.0 = Debug|Any CPU
		{C8C96036-68EC-47A8-AC0C-DBC20BF3DC39}.Release|Any CPU.ActiveCfg = Release|Any CPU
		{C8C96036-68EC-47A8-AC0C-DBC20BF3DC39}.Release|Any CPU.Build.0 = Release|Any CPU
		{B8CAA094-BFE8-4C68-BC07-94B512DF446B}.Debug|Any CPU.ActiveCfg = Debug|Any CPU
		{B8CAA094-BFE8-4C68-BC07-94B512DF446B}.Debug|Any CPU.Build.0 = Debug|Any CPU
		{B8CAA094-BFE8-4C68-BC07-94B512DF446B}.Release|Any CPU.ActiveCfg = Release|Any CPU
		{B8CAA094-BFE8-4C68-BC07-94B512DF446B}.Release|Any CPU.Build.0 = Release|Any CPU
		{B37F1D47-FCDB-4EAF-8E55-709732598516}.Debug|Any CPU.ActiveCfg = Debug|Any CPU
		{B37F1D47-FCDB-4EAF-8E55-709732598516}.Debug|Any CPU.Build.0 = Debug|Any CPU
		{B37F1D47-FCDB-4EAF-8E55-709732598516}.Release|Any CPU.ActiveCfg = Release|Any CPU
		{B37F1D47-FCDB-4EAF-8E55-709732598516}.Release|Any CPU.Build.0 = Release|Any CPU
		{9B90FBF0-487A-419D-9BB5-DD17D7DA282C}.Debug|Any CPU.ActiveCfg = Debug|Any CPU
		{9B90FBF0-487A-419D-9BB5-DD17D7DA282C}.Debug|Any CPU.Build.0 = Debug|Any CPU
		{9B90FBF0-487A-419D-9BB5-DD17D7DA282C}.Release|Any CPU.ActiveCfg = Release|Any CPU
		{9B90FBF0-487A-419D-9BB5-DD17D7DA282C}.Release|Any CPU.Build.0 = Release|Any CPU
	EndGlobalSection
	GlobalSection(SolutionProperties) = preSolution
		HideSolutionNode = FALSE
	EndGlobalSection
	GlobalSection(ExtensibilityGlobals) = postSolution
		SolutionGuid = {D570A048-0C8E-4D53-B2F0-6B913E177176}
	EndGlobalSection
EndGlobal
