
Microsoft Visual Studio Solution File, Format Version 12.00
# Visual Studio Version 17
VisualStudioVersion = 17.11.35312.102
MinimumVisualStudioVersion = 10.0.40219.1
Project("{9A19103F-16F7-4668-BE54-9A1E7A4F7556}") = "OneCDPFHIRFFacade", "OneCDPFHIRFFacade.csproj", "{94AACEBE-DB08-4B0E-9176-7069ACA5A63E}"
EndProject
Global
	GlobalSection(SolutionConfigurationPlatforms) = preSolution
		Debug|Any CPU = Debug|Any CPU
		Release|Any CPU = Release|Any CPU
	EndGlobalSection
	GlobalSection(ProjectConfigurationPlatforms) = postSolution
		{94AACEBE-DB08-4B0E-9176-7069ACA5A63E}.Debug|Any CPU.ActiveCfg = Debug|Any CPU
		{94AACEBE-DB08-4B0E-9176-7069ACA5A63E}.Debug|Any CPU.Build.0 = Debug|Any CPU
		{94AACEBE-DB08-4B0E-9176-7069ACA5A63E}.Release|Any CPU.ActiveCfg = Release|Any CPU
		{94AACEBE-DB08-4B0E-9176-7069ACA5A63E}.Release|Any CPU.Build.0 = Release|Any CPU
	EndGlobalSection
	GlobalSection(SolutionProperties) = preSolution
		HideSolutionNode = FALSE
	EndGlobalSection
	GlobalSection(ExtensibilityGlobals) = postSolution
		SolutionGuid = {AD49F5F9-1EE6-4F6A-A386-260D53B32558}
	EndGlobalSection
EndGlobal
