
Microsoft Visual Studio Solution File, Format Version 12.00
# Visual Studio Version 17
VisualStudioVersion = 17.11.35312.102
MinimumVisualStudioVersion = 10.0.40219.1
Project("{9A19103F-16F7-4668-BE54-9A1E7A4F7556}") = "OneCDPFHIRFacade", "OneCDPFHIRFacade.csproj", "{936E8E51-F6D0-4BF5-92DA-7F973F293683}"
EndProject
Global
	GlobalSection(SolutionConfigurationPlatforms) = preSolution
		Debug|Any CPU = Debug|Any CPU
		Release|Any CPU = Release|Any CPU
	EndGlobalSection
	GlobalSection(ProjectConfigurationPlatforms) = postSolution
		{936E8E51-F6D0-4BF5-92DA-7F973F293683}.Debug|Any CPU.ActiveCfg = Debug|Any CPU
		{936E8E51-F6D0-4BF5-92DA-7F973F293683}.Debug|Any CPU.Build.0 = Debug|Any CPU
		{936E8E51-F6D0-4BF5-92DA-7F973F293683}.Release|Any CPU.ActiveCfg = Release|Any CPU
		{936E8E51-F6D0-4BF5-92DA-7F973F293683}.Release|Any CPU.Build.0 = Release|Any CPU
	EndGlobalSection
	GlobalSection(SolutionProperties) = preSolution
		HideSolutionNode = FALSE
	EndGlobalSection
	GlobalSection(ExtensibilityGlobals) = postSolution
		SolutionGuid = {A7D28D07-DA5F-44A0-8B56-E1365EDA3A23}
	EndGlobalSection
EndGlobal
