
Microsoft Visual Studio Solution File, Format Version 12.00
# Visual Studio Version 17
VisualStudioVersion = 17.11.35312.102
MinimumVisualStudioVersion = 10.0.40219.1
Project("{9A19103F-16F7-4668-BE54-9A1E7A4F7556}") = "OneCDPFHIRFacade", "OneCDPFHIRFacade.csproj", "{4E24980B-1CC0-48B4-A642-DE59C947F707}"
EndProject
Global
	GlobalSection(SolutionConfigurationPlatforms) = preSolution
		Debug|Any CPU = Debug|Any CPU
		Release|Any CPU = Release|Any CPU
	EndGlobalSection
	GlobalSection(ProjectConfigurationPlatforms) = postSolution
		{4E24980B-1CC0-48B4-A642-DE59C947F707}.Debug|Any CPU.ActiveCfg = Debug|Any CPU
		{4E24980B-1CC0-48B4-A642-DE59C947F707}.Debug|Any CPU.Build.0 = Debug|Any CPU
		{4E24980B-1CC0-48B4-A642-DE59C947F707}.Release|Any CPU.ActiveCfg = Release|Any CPU
		{4E24980B-1CC0-48B4-A642-DE59C947F707}.Release|Any CPU.Build.0 = Release|Any CPU
	EndGlobalSection
	GlobalSection(SolutionProperties) = preSolution
		HideSolutionNode = FALSE
	EndGlobalSection
	GlobalSection(ExtensibilityGlobals) = postSolution
		SolutionGuid = {83F481D8-3BF3-452A-8086-B541C05F20F9}
	EndGlobalSection
EndGlobal
