
Microsoft Visual Studio Solution File, Format Version 12.00
# Visual Studio Version 17
VisualStudioVersion = 17.11.35312.102
MinimumVisualStudioVersion = 10.0.40219.1
Project("{FAE04EC0-301F-11D3-BF4B-00C04F79EFBC}") = "SyntheaCreateLargeFiles", "SyntheaCreateLargeFiles\SyntheaCreateLargeFiles.csproj", "{5F76BF4B-8542-44F9-9857-CC0466590966}"
EndProject
Global
	GlobalSection(SolutionConfigurationPlatforms) = preSolution
		Debug|Any CPU = Debug|Any CPU
		Release|Any CPU = Release|Any CPU
	EndGlobalSection
	GlobalSection(ProjectConfigurationPlatforms) = postSolution
		{5F76BF4B-8542-44F9-9857-CC0466590966}.Debug|Any CPU.ActiveCfg = Debug|Any CPU
		{5F76BF4B-8542-44F9-9857-CC0466590966}.Debug|Any CPU.Build.0 = Debug|Any CPU
		{5F76BF4B-8542-44F9-9857-CC0466590966}.Release|Any CPU.ActiveCfg = Release|Any CPU
		{5F76BF4B-8542-44F9-9857-CC0466590966}.Release|Any CPU.Build.0 = Release|Any CPU
	EndGlobalSection
	GlobalSection(SolutionProperties) = preSolution
		HideSolutionNode = FALSE
	EndGlobalSection
	GlobalSection(ExtensibilityGlobals) = postSolution
		SolutionGuid = {F6CE553A-C7AE-459F-A297-64D95359C8F8}
	EndGlobalSection
EndGlobal
