
Microsoft Visual Studio Solution File, Format Version 12.00
# Visual Studio Version 17
VisualStudioVersion = 17.5.002.0
MinimumVisualStudioVersion = 10.0.40219.1
Project("{9A19103F-16F7-4668-BE54-9A1E7A4F7556}") = "FirelyApiApp", "FirelyApiApp.csproj", "{47DA6A68-83B4-4413-A424-715250C6C450}"
EndProject
Global
	GlobalSection(SolutionConfigurationPlatforms) = preSolution
		Debug|Any CPU = Debug|Any CPU
		Release|Any CPU = Release|Any CPU
	EndGlobalSection
	GlobalSection(ProjectConfigurationPlatforms) = postSolution
		{47DA6A68-83B4-4413-A424-715250C6C450}.Debug|Any CPU.ActiveCfg = Debug|Any CPU
		{47DA6A68-83B4-4413-A424-715250C6C450}.Debug|Any CPU.Build.0 = Debug|Any CPU
		{47DA6A68-83B4-4413-A424-715250C6C450}.Release|Any CPU.ActiveCfg = Release|Any CPU
		{47DA6A68-83B4-4413-A424-715250C6C450}.Release|Any CPU.Build.0 = Release|Any CPU
	EndGlobalSection
	GlobalSection(SolutionProperties) = preSolution
		HideSolutionNode = FALSE
	EndGlobalSection
	GlobalSection(ExtensibilityGlobals) = postSolution
		SolutionGuid = {B78B973D-5799-4686-AB14-2F27F6067A71}
	EndGlobalSection
EndGlobal
