
Microsoft Visual Studio Solution File, Format Version 12.00
# Visual Studio Version 17
VisualStudioVersion = 17.5.002.0
MinimumVisualStudioVersion = 10.0.40219.1
Project("{9A19103F-16F7-4668-BE54-9A1E7A4F7556}") = "FirelyTestApp", "FirelyTestApp.csproj", "{6424C687-1A16-4D46-ABA4-F48B73324017}"
EndProject
Global
	GlobalSection(SolutionConfigurationPlatforms) = preSolution
		Debug|Any CPU = Debug|Any CPU
		Release|Any CPU = Release|Any CPU
	EndGlobalSection
	GlobalSection(ProjectConfigurationPlatforms) = postSolution
		{6424C687-1A16-4D46-ABA4-F48B73324017}.Debug|Any CPU.ActiveCfg = Debug|Any CPU
		{6424C687-1A16-4D46-ABA4-F48B73324017}.Debug|Any CPU.Build.0 = Debug|Any CPU
		{6424C687-1A16-4D46-ABA4-F48B73324017}.Release|Any CPU.ActiveCfg = Release|Any CPU
		{6424C687-1A16-4D46-ABA4-F48B73324017}.Release|Any CPU.Build.0 = Release|Any CPU
	EndGlobalSection
	GlobalSection(SolutionProperties) = preSolution
		HideSolutionNode = FALSE
	EndGlobalSection
	GlobalSection(ExtensibilityGlobals) = postSolution
		SolutionGuid = {4D789565-CD7C-4703-A5B5-C0EB6052F528}
	EndGlobalSection
EndGlobal
